
Microsoft Visual Studio Solution File, Format Version 12.00
# Visual Studio 14
VisualStudioVersion = 14.0.25420.1
MinimumVisualStudioVersion = 10.0.40219.1
Project("{E24C65DC-7377-472B-9ABA-BC803B73C61A}") = "NewTuscanyPractice", "..\..\WebSites\NewTuscanyPractice\", "{114A7319-A1D0-453D-937F-7A5A64F4FEC8}"
	ProjectSection(WebsiteProperties) = preProject
		TargetFrameworkMoniker = ".NETFramework,Version%3Dv4.5.2"
		Debug.AspNetCompiler.VirtualPath = "/localhost_54749"
		Debug.AspNetCompiler.PhysicalPath = "..\..\WebSites\NewTuscanyPractice\"
		Debug.AspNetCompiler.TargetPath = "PrecompiledWeb\localhost_54749\"
		Debug.AspNetCompiler.Updateable = "true"
		Debug.AspNetCompiler.ForceOverwrite = "true"
		Debug.AspNetCompiler.FixedNames = "false"
		Debug.AspNetCompiler.Debug = "True"
		Release.AspNetCompiler.VirtualPath = "/localhost_54749"
		Release.AspNetCompiler.PhysicalPath = "..\..\WebSites\NewTuscanyPractice\"
		Release.AspNetCompiler.TargetPath = "PrecompiledWeb\localhost_54749\"
		Release.AspNetCompiler.Updateable = "true"
		Release.AspNetCompiler.ForceOverwrite = "true"
		Release.AspNetCompiler.FixedNames = "false"
		Release.AspNetCompiler.Debug = "False"
		VWDPort = "54749"
		SlnRelativePath = "..\..\WebSites\NewTuscanyPractice\"
		DefaultWebSiteLanguage = "Visual C#"
	EndProjectSection
EndProject
Global
	GlobalSection(SolutionConfigurationPlatforms) = preSolution
		Debug|Any CPU = Debug|Any CPU
	EndGlobalSection
	GlobalSection(ProjectConfigurationPlatforms) = postSolution
		{114A7319-A1D0-453D-937F-7A5A64F4FEC8}.Debug|Any CPU.ActiveCfg = Debug|Any CPU
		{114A7319-A1D0-453D-937F-7A5A64F4FEC8}.Debug|Any CPU.Build.0 = Debug|Any CPU
	EndGlobalSection
	GlobalSection(SolutionProperties) = preSolution
		HideSolutionNode = FALSE
	EndGlobalSection
EndGlobal
